
Microsoft Visual Studio Solution File, Format Version 12.00
# Visual Studio Version 16
VisualStudioVersion = 16.0.30907.101
MinimumVisualStudioVersion = 10.0.40219.1
Project("{FAE04EC0-301F-11D3-BF4B-00C04F79EFBC}") = "DesignPatternsKEKWEditionExempls", "DesignPatternsKEKWEditionExempls\DesignPatternsKEKWEditionExempls.csproj", "{EEC2911B-A7AB-4428-8B96-C3B5BCDC722A}"
EndProject
Global
	GlobalSection(SolutionConfigurationPlatforms) = preSolution
		Debug|Any CPU = Debug|Any CPU
		Release|Any CPU = Release|Any CPU
	EndGlobalSection
	GlobalSection(ProjectConfigurationPlatforms) = postSolution
		{EEC2911B-A7AB-4428-8B96-C3B5BCDC722A}.Debug|Any CPU.ActiveCfg = Debug|Any CPU
		{EEC2911B-A7AB-4428-8B96-C3B5BCDC722A}.Debug|Any CPU.Build.0 = Debug|Any CPU
		{EEC2911B-A7AB-4428-8B96-C3B5BCDC722A}.Release|Any CPU.ActiveCfg = Release|Any CPU
		{EEC2911B-A7AB-4428-8B96-C3B5BCDC722A}.Release|Any CPU.Build.0 = Release|Any CPU
	EndGlobalSection
	GlobalSection(SolutionProperties) = preSolution
		HideSolutionNode = FALSE
	EndGlobalSection
	GlobalSection(ExtensibilityGlobals) = postSolution
		SolutionGuid = {4CF34CEE-82EF-46D6-AC0B-C09389DD37D3}
	EndGlobalSection
EndGlobal
